{
  "R": {
    "Version": "4.4.1",
    "Repositories": [
      {
        "Name": "CRAN",
        "URL": "https://cloud.r-project.org"
      }
    ]
  },
  "Packages": {
    "MASS": {
      "Package": "MASS",
      "Version": "7.3-60.2",
      "Source": "Repository",
      "Priority": "recommended",
      "Date": "2024-01-12",
      "Revision": "$Rev: 3641 $",
      "Depends": [
        "R (>= 4.4.0)",
        "grDevices",
        "graphics",
        "stats",
        "utils"
      ],
      "Imports": [
        "methods"
      ],
      "Suggests": [
        "lattice",
        "nlme",
        "nnet",
        "survival"
      ],
      "Authors@R": "c(person(\"Brian\", \"Ripley\", role = c(\"aut\", \"cre\", \"cph\"), email = \"ripley@stats.ox.ac.uk\"), person(\"Bill\", \"Venables\", role = \"ctb\"), person(c(\"Douglas\", \"M.\"), \"Bates\", role = \"ctb\"), person(\"Kurt\", \"Hornik\", role = \"trl\", comment = \"partial port ca 1998\"), person(\"Albrecht\", \"Gebhardt\", role = \"trl\", comment = \"partial port ca 1998\"), person(\"David\", \"Firth\", role = \"ctb\"))",
      "Description": "Functions and datasets to support Venables and Ripley, \"Modern Applied Statistics with S\" (4th edition, 2002).",
      "Title": "Support Functions and Datasets for Venables and Ripley's MASS",
      "LazyData": "yes",
      "ByteCompile": "yes",
      "License": "GPL-2 | GPL-3",
      "URL": "http://www.stats.ox.ac.uk/pub/MASS4/",
      "Contact": "<MASS@stats.ox.ac.uk>",
      "NeedsCompilation": "yes",
      "Author": "Brian Ripley [aut, cre, cph], Bill Venables [ctb], Douglas M. Bates [ctb], Kurt Hornik [trl] (partial port ca 1998), Albrecht Gebhardt [trl] (partial port ca 1998), David Firth [ctb]",
      "Maintainer": "Brian Ripley <ripley@stats.ox.ac.uk>",
      "Repository": "CRAN"
    },
    "renv": {
      "Package": "renv",
      "Version": "1.1.4",
      "Source": "Repository",
      "Type": "Package",
      "Title": "Project Environments",
      "Authors@R": "c( person(\"Kevin\", \"Ushey\", role = c(\"aut\", \"cre\"), email = \"kevin@rstudio.com\", comment = c(ORCID = \"0000-0003-2880-7407\")), person(\"Hadley\", \"Wickham\", role = c(\"aut\"), email = \"hadley@rstudio.com\", comment = c(ORCID = \"0000-0003-4757-117X\")), person(\"Posit Software, PBC\", role = c(\"cph\", \"fnd\")) )",
      "Description": "A dependency management toolkit for R. Using 'renv', you can create and manage project-local R libraries, save the state of these libraries to a 'lockfile', and later restore your library as required. Together, these tools can help make your projects more isolated, portable, and reproducible.",
      "License": "MIT + file LICENSE",
      "URL": "https://rstudio.github.io/renv/, https://github.com/rstudio/renv",
      "BugReports": "https://github.com/rstudio/renv/issues",
      "Imports": [
        "utils"
      ],
      "Suggests": [
        "BiocManager",
        "cli",
        "compiler",
        "covr",
        "cpp11",
        "devtools",
        "gitcreds",
        "jsonlite",
        "jsonvalidate",
        "knitr",
        "miniUI",
        "modules",
        "packrat",
        "pak",
        "R6",
        "remotes",
        "reticulate",
        "rmarkdown",
        "rstudioapi",
        "shiny",
        "testthat",
        "uuid",
        "waldo",
        "yaml",
        "webfakes"
      ],
      "Encoding": "UTF-8",
      "RoxygenNote": "7.3.2",
      "VignetteBuilder": "knitr",
      "Config/Needs/website": "tidyverse/tidytemplate",
      "Config/testthat/edition": "3",
      "Config/testthat/parallel": "true",
      "Config/testthat/start-first": "bioconductor,python,install,restore,snapshot,retrieve,remotes",
      "NeedsCompilation": "no",
      "Author": "Kevin Ushey [aut, cre] (<https://orcid.org/0000-0003-2880-7407>), Hadley Wickham [aut] (<https://orcid.org/0000-0003-4757-117X>), Posit Software, PBC [cph, fnd]",
      "Maintainer": "Kevin Ushey <kevin@rstudio.com>",
      "Repository": "CRAN"
    }
  }
}
